{
  "name": "@ahmic/lib-native-examples",
  "lockfileVersion": 3,
  "requires": true,
  "packages": {
    "": {
      "name": "@ahmic/lib-native-examples",
      "license": "MIT",
      "dependencies": {
        "@ahmic/lib-native": "file:../src"
      }
    },
    "../src": {},
    "node_modules/@ahmic/lib-native": {
      "resolved": "../src",
      "link": true
    }
  }
}
